
Microsoft Visual Studio Solution File, Format Version 12.00
# Visual Studio Version 16
VisualStudioVersion = 16.0.29009.5
MinimumVisualStudioVersion = 10.0.40219.1
Project("{9A19103F-16F7-4668-BE54-9A1E7A4F7556}") = "BMS", "BMS\BMS.csproj", "{EFA9A124-B1F4-43DB-965D-48FA56242C0D}"
EndProject
Global
	GlobalSection(SolutionConfigurationPlatforms) = preSolution
		Debug|Any CPU = Debug|Any CPU
		Release|Any CPU = Release|Any CPU
	EndGlobalSection
	GlobalSection(ProjectConfigurationPlatforms) = postSolution
		{EFA9A124-B1F4-43DB-965D-48FA56242C0D}.Debug|Any CPU.ActiveCfg = Debug|Any CPU
		{EFA9A124-B1F4-43DB-965D-48FA56242C0D}.Debug|Any CPU.Build.0 = Debug|Any CPU
		{EFA9A124-B1F4-43DB-965D-48FA56242C0D}.Release|Any CPU.ActiveCfg = Release|Any CPU
		{EFA9A124-B1F4-43DB-965D-48FA56242C0D}.Release|Any CPU.Build.0 = Release|Any CPU
	EndGlobalSection
	GlobalSection(SolutionProperties) = preSolution
		HideSolutionNode = FALSE
	EndGlobalSection
	GlobalSection(ExtensibilityGlobals) = postSolution
		SolutionGuid = {81BF6DC4-96E1-459E-B122-ABE53231CE8A}
	EndGlobalSection
EndGlobal
